
Microsoft Visual Studio Solution File, Format Version 12.00
# Visual Studio Version 17
VisualStudioVersion = 17.0.31903.59
MinimumVisualStudioVersion = 10.0.40219.1
Project("{9A19103F-16F7-4668-BE54-9A1E7A4F7556}") = "Send", "Send.csproj", "{0F3C7B49-78CB-4C06-A6AD-AECF1900D78C}"
EndProject
Global
	GlobalSection(SolutionConfigurationPlatforms) = preSolution
		Debug|Any CPU = Debug|Any CPU
		Release|Any CPU = Release|Any CPU
	EndGlobalSection
	GlobalSection(ProjectConfigurationPlatforms) = postSolution
		{0F3C7B49-78CB-4C06-A6AD-AECF1900D78C}.Debug|Any CPU.ActiveCfg = Debug|Any CPU
		{0F3C7B49-78CB-4C06-A6AD-AECF1900D78C}.Debug|Any CPU.Build.0 = Debug|Any CPU
		{0F3C7B49-78CB-4C06-A6AD-AECF1900D78C}.Release|Any CPU.ActiveCfg = Release|Any CPU
		{0F3C7B49-78CB-4C06-A6AD-AECF1900D78C}.Release|Any CPU.Build.0 = Release|Any CPU
	EndGlobalSection
	GlobalSection(SolutionProperties) = preSolution
		HideSolutionNode = FALSE
	EndGlobalSection
	GlobalSection(ExtensibilityGlobals) = postSolution
		SolutionGuid = {83B9E63E-FF02-41EA-8FA3-10745CF9537F}
	EndGlobalSection
EndGlobal
